// !$*UTF8*$!
{
	archiveVersion = 1;
	classes = {
	};
	objectVersion = 50;
	objects = {

/* Begin PBXBuildFile section */
		2D8ED3AF20FDB8EA0034E444 /* AppDelegate.swift in Sources */ = {isa = PBXBuildFile; fileRef = 2D8ED3AE20FDB8EA0034E444 /* AppDelegate.swift */; };
		2D8ED3B120FDB8EA0034E444 /* ViewController.swift in Sources */ = {isa = PBXBuildFile; fileRef = 2D8ED3B020FDB8EA0034E444 /* ViewController.swift */; };
		2D8ED3B320FDB8EC0034E444 /* Assets.xcassets in Resources */ = {isa = PBXBuildFile; fileRef = 2D8ED3B220FDB8EC0034E444 /* Assets.xcassets */; };
		2D8ED3B620FDB8EC0034E444 /* Main.storyboard in Resources */ = {isa = PBXBuildFile; fileRef = 2D8ED3B420FDB8EC0034E444 /* Main.storyboard */; };
		2D8ED3C220FDB8EC0034E444 /* iconsTests.swift in Sources */ = {isa = PBXBuildFile; fileRef = 2D8ED3C120FDB8EC0034E444 /* iconsTests.swift */; };
/* End PBXBuildFile section */

/* Begin PBXContainerItemProxy section */
		2D8ED3BE20FDB8EC0034E444 /* PBXContainerItemProxy */ = {
			isa = PBXContainerItemProxy;
			containerPortal = 2D8ED3A320FDB8EA0034E444 /* Project object */;
			proxyType = 1;
			remoteGlobalIDString = 2D8ED3AA20FDB8EA0034E444;
			remoteInfo = icons;
		};
/* End PBXContainerItemProxy section */

/* Begin PBXFileReference section */
		2D8ED3AB20FDB8EA0034E444 /* icons.app */ = {isa = PBXFileReference; explicitFileType = wrapper.application; includeInIndex = 0; path = icons.app; sourceTree = BUILT_PRODUCTS_DIR; };
		2D8ED3AE20FDB8EA0034E444 /* AppDelegate.swift */ = {isa = PBXFileReference; lastKnownFileType = sourcecode.swift; path = AppDelegate.swift; sourceTree = "<group>"; };
		2D8ED3B020FDB8EA0034E444 /* ViewController.swift */ = {isa = PBXFileReference; lastKnownFileType = sourcecode.swift; path = ViewController.swift; sourceTree = "<group>"; };
		2D8ED3B220FDB8EC0034E444 /* Assets.xcassets */ = {isa = PBXFileReference; lastKnownFileType = folder.assetcatalog; path = Assets.xcassets; sourceTree = "<group>"; };
		2D8ED3B520FDB8EC0034E444 /* Base */ = {isa = PBXFileReference; lastKnownFileType = file.storyboard; name = Base; path = Base.lproj/Main.storyboard; sourceTree = "<group>"; };
		2D8ED3B720FDB8EC0034E444 /* Info.plist */ = {isa = PBXFileReference; lastKnownFileType = text.plist.xml; path = Info.plist; sourceTree = "<group>"; };
		2D8ED3B820FDB8EC0034E444 /* icons.entitlements */ = {isa = PBXFileReference; lastKnownFileType = text.plist.entitlements; path = icons.entitlements; sourceTree = "<group>"; };
		2D8ED3BD20FDB8EC0034E444 /* iconsTests.xctest */ = {isa = PBXFileReference; explicitFileType = wrapper.cfbundle; includeInIndex = 0; path = iconsTests.xctest; sourceTree = BUILT_PRODUCTS_DIR; };
		2D8ED3C120FDB8EC0034E444 /* iconsTests.swift */ = {isa = PBXFileReference; lastKnownFileType = sourcecode.swift; path = iconsTests.swift; sourceTree = "<group>"; };
		2D8ED3C320FDB8EC0034E444 /* Info.plist */ = {isa = PBXFileReference; lastKnownFileType = text.plist.xml; path = Info.plist; sourceTree = "<group>"; };
/* End PBXFileReference section */

/* Begin PBXFrameworksBuildPhase section */
		2D8ED3A820FDB8EA0034E444 /* Frameworks */ = {
			isa = PBXFrameworksBuildPhase;
			buildActionMask = 2147483647;
			files = (
			);
			runOnlyForDeploymentPostprocessing = 0;
		};
		2D8ED3BA20FDB8EC0034E444 /* Frameworks */ = {
			isa = PBXFrameworksBuildPhase;
			buildActionMask = 2147483647;
			files = (
			);
			runOnlyForDeploymentPostprocessing = 0;
		};
/* End PBXFrameworksBuildPhase section */

/* Begin PBXGroup section */
		2D8ED3A220FDB8EA0034E444 = {
			isa = PBXGroup;
			children = (
				2D8ED3AD20FDB8EA0034E444 /* icons */,
				2D8ED3C020FDB8EC0034E444 /* iconsTests */,
				2D8ED3AC20FDB8EA0034E444 /* Products */,
			);
			sourceTree = "<group>";
		};
		2D8ED3AC20FDB8EA0034E444 /* Products */ = {
			isa = PBXGroup;
			children = (
				2D8ED3AB20FDB8EA0034E444 /* icons.app */,
				2D8ED3BD20FDB8EC0034E444 /* iconsTests.xctest */,
			);
			name = Products;
			sourceTree = "<group>";
		};
		2D8ED3AD20FDB8EA0034E444 /* icons */ = {
			isa = PBXGroup;
			children = (
				2D8ED3AE20FDB8EA0034E444 /* AppDelegate.swift */,
				2D8ED3B020FDB8EA0034E444 /* ViewController.swift */,
				2D8ED3B220FDB8EC0034E444 /* Assets.xcassets */,
				2D8ED3B420FDB8EC0034E444 /* Main.storyboard */,
				2D8ED3B720FDB8EC0034E444 /* Info.plist */,
				2D8ED3B820FDB8EC0034E444 /* icons.entitlements */,
			);
			path = icons;
			sourceTree = "<group>";
		};
		2D8ED3C020FDB8EC0034E444 /* iconsTests */ = {
			isa = PBXGroup;
			children = (
				2D8ED3C120FDB8EC0034E444 /* iconsTests.swift */,
				2D8ED3C320FDB8EC0034E444 /* Info.plist */,
			);
			path = iconsTests;
			sourceTree = "<group>";
		};
/* End PBXGroup section */

/* Begin PBXNativeTarget section */
		2D8ED3AA20FDB8EA0034E444 /* icons */ = {
			isa = PBXNativeTarget;
			buildConfigurationList = 2D8ED3C620FDB8EC0034E444 /* Build configuration list for PBXNativeTarget "icons" */;
			buildPhases = (
				2D8ED3A720FDB8EA0034E444 /* Sources */,
				2D8ED3A820FDB8EA0034E444 /* Frameworks */,
				2D8ED3A920FDB8EA0034E444 /* Resources */,
			);
			buildRules = (
			);
			dependencies = (
			);
			name = icons;
			productName = icons;
			productReference = 2D8ED3AB20FDB8EA0034E444 /* icons.app */;
			productType = "com.apple.product-type.application";
		};
		2D8ED3BC20FDB8EC0034E444 /* iconsTests */ = {
			isa = PBXNativeTarget;
			buildConfigurationList = 2D8ED3C920FDB8EC0034E444 /* Build configuration list for PBXNativeTarget "iconsTests" */;
			buildPhases = (
				2D8ED3B920FDB8EC0034E444 /* Sources */,
				2D8ED3BA20FDB8EC0034E444 /* Frameworks */,
				2D8ED3BB20FDB8EC0034E444 /* Resources */,
			);
			buildRules = (
			);
			dependencies = (
				2D8ED3BF20FDB8EC0034E444 /* PBXTargetDependency */,
			);
			name = iconsTests;
			productName = iconsTests;
			productReference = 2D8ED3BD20FDB8EC0034E444 /* iconsTests.xctest */;
			productType = "com.apple.product-type.bundle.unit-test";
		};
/* End PBXNativeTarget section */

/* Begin PBXProject section */
		2D8ED3A320FDB8EA0034E444 /* Project object */ = {
			isa = PBXProject;
			attributes = {
				LastSwiftUpdateCheck = 0930;
				LastUpgradeCheck = 0930;
				ORGANIZATIONNAME = erbittuu;
				TargetAttributes = {
					2D8ED3AA20FDB8EA0034E444 = {
						CreatedOnToolsVersion = 9.3;
					};
					2D8ED3BC20FDB8EC0034E444 = {
						CreatedOnToolsVersion = 9.3;
						TestTargetID = 2D8ED3AA20FDB8EA0034E444;
					};
				};
			};
			buildConfigurationList = 2D8ED3A620FDB8EA0034E444 /* Build configuration list for PBXProject "icons" */;
			compatibilityVersion = "Xcode 9.3";
			developmentRegion = en;
			hasScannedForEncodings = 0;
			knownRegions = (
				en,
				Base,
			);
			mainGroup = 2D8ED3A220FDB8EA0034E444;
			productRefGroup = 2D8ED3AC20FDB8EA0034E444 /* Products */;
			projectDirPath = "";
			projectRoot = "";
			targets = (
				2D8ED3AA20FDB8EA0034E444 /* icons */,
				2D8ED3BC20FDB8EC0034E444 /* iconsTests */,
			);
		};
/* End PBXProject section */

/* Begin PBXResourcesBuildPhase section */
		2D8ED3A920FDB8EA0034E444 /* Resources */ = {
			isa = PBXResourcesBuildPhase;
			buildActionMask = 2147483647;
			files = (
				2D8ED3B320FDB8EC0034E444 /* Assets.xcassets in Resources */,
				2D8ED3B620FDB8EC0034E444 /* Main.storyboard in Resources */,
			);
			runOnlyForDeploymentPostprocessing = 0;
		};
		2D8ED3BB20FDB8EC0034E444 /* Resources */ = {
			isa = PBXResourcesBuildPhase;
			buildActionMask = 2147483647;
			files = (
			);
			runOnlyForDeploymentPostprocessing = 0;
		};
/* End PBXResourcesBuildPhase section */

/* Begin PBXSourcesBuildPhase section */
		2D8ED3A720FDB8EA0034E444 /* Sources */ = {
			isa = PBXSourcesBuildPhase;
			buildActionMask = 2147483647;
			files = (
				2D8ED3B120FDB8EA0034E444 /* ViewController.swift in Sources */,
				2D8ED3AF20FDB8EA0034E444 /* AppDelegate.swift in Sources */,
			);
			runOnlyForDeploymentPostprocessing = 0;
		};
		2D8ED3B920FDB8EC0034E444 /* Sources */ = {
			isa = PBXSourcesBuildPhase;
			buildActionMask = 2147483647;
			files = (
				2D8ED3C220FDB8EC0034E444 /* iconsTests.swift in Sources */,
			);
			runOnlyForDeploymentPostprocessing = 0;
		};
/* End PBXSourcesBuildPhase section */

/* Begin PBXTargetDependency section */
		2D8ED3BF20FDB8EC0034E444 /* PBXTargetDependency */ = {
			isa = PBXTargetDependency;
			target = 2D8ED3AA20FDB8EA0034E444 /* icons */;
			targetProxy = 2D8ED3BE20FDB8EC0034E444 /* PBXContainerItemProxy */;
		};
/* End PBXTargetDependency section */

/* Begin PBXVariantGroup section */
		2D8ED3B420FDB8EC0034E444 /* Main.storyboard */ = {
			isa = PBXVariantGroup;
			children = (
				2D8ED3B520FDB8EC0034E444 /* Base */,
			);
			name = Main.storyboard;
			sourceTree = "<group>";
		};
/* End PBXVariantGroup section */

/* Begin XCBuildConfiguration section */
		2D8ED3C420FDB8EC0034E444 /* Debug */ = {
			isa = XCBuildConfiguration;
			buildSettings = {
				ALWAYS_SEARCH_USER_PATHS = NO;
				CLANG_ANALYZER_NONNULL = YES;
				CLANG_ANALYZER_NUMBER_OBJECT_CONVERSION = YES_AGGRESSIVE;
				CLANG_CXX_LANGUAGE_STANDARD = "gnu++14";
				CLANG_CXX_LIBRARY = "libc++";
				CLANG_ENABLE_MODULES = YES;
				CLANG_ENABLE_OBJC_ARC = YES;
				CLANG_ENABLE_OBJC_WEAK = YES;
				CLANG_WARN_BLOCK_CAPTURE_AUTORELEASING = YES;
				CLANG_WARN_BOOL_CONVERSION = YES;
				CLANG_WARN_COMMA = YES;
				CLANG_WARN_CONSTANT_CONVERSION = YES;
				CLANG_WARN_DEPRECATED_OBJC_IMPLEMENTATIONS = YES;
				CLANG_WARN_DIRECT_OBJC_ISA_USAGE = YES_ERROR;
				CLANG_WARN_DOCUMENTATION_COMMENTS = YES;
				CLANG_WARN_EMPTY_BODY = YES;
				CLANG_WARN_ENUM_CONVERSION = YES;
				CLANG_WARN_INFINITE_RECURSION = YES;
				CLANG_WARN_INT_CONVERSION = YES;
				CLANG_WARN_NON_LITERAL_NULL_CONVERSION = YES;
				CLANG_WARN_OBJC_IMPLICIT_RETAIN_SELF = YES;
				CLANG_WARN_OBJC_LITERAL_CONVERSION = YES;
				CLANG_WARN_OBJC_ROOT_CLASS = YES_ERROR;
				CLANG_WARN_RANGE_LOOP_ANALYSIS = YES;
				CLANG_WARN_STRICT_PROTOTYPES = YES;
				CLANG_WARN_SUSPICIOUS_MOVE = YES;
				CLANG_WARN_UNGUARDED_AVAILABILITY = YES_AGGRESSIVE;
				CLANG_WARN_UNREACHABLE_CODE = YES;
				CLANG_WARN__DUPLICATE_METHOD_MATCH = YES;
				CODE_SIGN_IDENTITY = "Mac Developer";
				COPY_PHASE_STRIP = NO;
				DEBUG_INFORMATION_FORMAT = dwarf;
				ENABLE_STRICT_OBJC_MSGSEND = YES;
				ENABLE_TESTABILITY = YES;
				GCC_C_LANGUAGE_STANDARD = gnu11;
				GCC_DYNAMIC_NO_PIC = NO;
				GCC_NO_COMMON_BLOCKS = YES;
				GCC_OPTIMIZATION_LEVEL = 0;
				GCC_PREPROCESSOR_DEFINITIONS = (
					"DEBUG=1",
					"$(inherited)",
				);
				GCC_WARN_64_TO_32_BIT_CONVERSION = YES;
				GCC_WARN_ABOUT_RETURN_TYPE = YES_ERROR;
				GCC_WARN_UNDECLARED_SELECTOR = YES;
				GCC_WARN_UNINITIALIZED_AUTOS = YES_AGGRESSIVE;
				GCC_WARN_UNUSED_FUNCTION = YES;
				GCC_WARN_UNUSED_VARIABLE = YES;
				MACOSX_DEPLOYMENT_TARGET = 10.13;
				MTL_ENABLE_DEBUG_INFO = YES;
				ONLY_ACTIVE_ARCH = YES;
				SDKROOT = macosx;
				SWIFT_ACTIVE_COMPILATION_CONDITIONS = DEBUG;
				SWIFT_OPTIMIZATION_LEVEL = "-Onone";
			};
			name = Debug;
		};
		2D8ED3C520FDB8EC0034E444 /* Release */ = {
			isa = XCBuildConfiguration;
			buildSettings = {
				ALWAYS_SEARCH_USER_PATHS = NO;
				CLANG_ANALYZER_NONNULL = YES;
				CLANG_ANALYZER_NUMBER_OBJECT_CONVERSION = YES_AGGRESSIVE;
				CLANG_CXX_LANGUAGE_STANDARD = "gnu++14";
				CLANG_CXX_LIBRARY = "libc++";
				CLANG_ENABLE_MODULES = YES;
				CLANG_ENABLE_OBJC_ARC = YES;
				CLANG_ENABLE_OBJC_WEAK = YES;
				CLANG_WARN_BLOCK_CAPTURE_AUTORELEASING = YES;
				CLANG_WARN_BOOL_CONVERSION = YES;
				CLANG_WARN_COMMA = YES;
				CLANG_WARN_CONSTANT_CONVERSION = YES;
				CLANG_WARN_DEPRECATED_OBJC_IMPLEMENTATIONS = YES;
				CLANG_WARN_DIRECT_OBJC_ISA_USAGE = YES_ERROR;
				CLANG_WARN_DOCUMENTATION_COMMENTS = YES;
				CLANG_WARN_EMPTY_BODY = YES;
				CLANG_WARN_ENUM_CONVERSION = YES;
				CLANG_WARN_INFINITE_RECURSION = YES;
				CLANG_WARN_INT_CONVERSION = YES;
				CLANG_WARN_NON_LITERAL_NULL_CONVERSION = YES;
				CLANG_WARN_OBJC_IMPLICIT_RETAIN_SELF = YES;
				CLANG_WARN_OBJC_LITERAL_CONVERSION = YES;
				CLANG_WARN_OBJC_ROOT_CLASS = YES_ERROR;
				CLANG_WARN_RANGE_LOOP_ANALYSIS = YES;
				CLANG_WARN_STRICT_PROTOTYPES = YES;
				CLANG_WARN_SUSPICIOUS_MOVE = YES;
				CLANG_WARN_UNGUARDED_AVAILABILITY = YES_AGGRESSIVE;
				CLANG_WARN_UNREACHABLE_CODE = YES;
				CLANG_WARN__DUPLICATE_METHOD_MATCH = YES;
				CODE_SIGN_IDENTITY = "Mac Developer";
				COPY_PHASE_STRIP = NO;
				DEBUG_INFORMATION_FORMAT = "dwarf-with-dsym";
				ENABLE_NS_ASSERTIONS = NO;
				ENABLE_STRICT_OBJC_MSGSEND = YES;
				GCC_C_LANGUAGE_STANDARD = gnu11;
				GCC_NO_COMMON_BLOCKS = YES;
				GCC_WARN_64_TO_32_BIT_CONVERSION = YES;
				GCC_WARN_ABOUT_RETURN_TYPE = YES_ERROR;
				GCC_WARN_UNDECLARED_SELECTOR = YES;
				GCC_WARN_UNINITIALIZED_AUTOS = YES_AGGRESSIVE;
				GCC_WARN_UNUSED_FUNCTION = YES;
				GCC_WARN_UNUSED_VARIABLE = YES;
				MACOSX_DEPLOYMENT_TARGET = 10.13;
				MTL_ENABLE_DEBUG_INFO = NO;
				SDKROOT = macosx;
				SWIFT_COMPILATION_MODE = wholemodule;
				SWIFT_OPTIMIZATION_LEVEL = "-O";
			};
			name = Release;
		};
		2D8ED3C720FDB8EC0034E444 /* Debug */ = {
			isa = XCBuildConfiguration;
			buildSettings = {
				ASSETCATALOG_COMPILER_APPICON_NAME = AppIcon;
				CODE_SIGN_ENTITLEMENTS = icons/icons.entitlements;
				CODE_SIGN_STYLE = Automatic;
				COMBINE_HIDPI_IMAGES = YES;
				DEVELOPMENT_TEAM = 9F7K8HV529;
				INFOPLIST_FILE = icons/Info.plist;
				LD_RUNPATH_SEARCH_PATHS = (
					"$(inherited)",
					"@executable_path/../Frameworks",
				);
				PRODUCT_BUNDLE_IDENTIFIER = com.erbittuu.icons;
				PRODUCT_NAME = "$(TARGET_NAME)";
				SWIFT_VERSION = 4.0;
			};
			name = Debug;
		};
		2D8ED3C820FDB8EC0034E444 /* Release */ = {
			isa = XCBuildConfiguration;
			buildSettings = {
				ASSETCATALOG_COMPILER_APPICON_NAME = AppIcon;
				CODE_SIGN_ENTITLEMENTS = icons/icons.entitlements;
				CODE_SIGN_STYLE = Automatic;
				COMBINE_HIDPI_IMAGES = YES;
				DEVELOPMENT_TEAM = 9F7K8HV529;
				INFOPLIST_FILE = icons/Info.plist;
				LD_RUNPATH_SEARCH_PATHS = (
					"$(inherited)",
					"@executable_path/../Frameworks",
				);
				PRODUCT_BUNDLE_IDENTIFIER = com.erbittuu.icons;
				PRODUCT_NAME = "$(TARGET_NAME)";
				SWIFT_VERSION = 4.0;
			};
			name = Release;
		};
		2D8ED3CA20FDB8EC0034E444 /* Debug */ = {
			isa = XCBuildConfiguration;
			buildSettings = {
				ALWAYS_EMBED_SWIFT_STANDARD_LIBRARIES = YES;
				BUNDLE_LOADER = "$(TEST_HOST)";
				CODE_SIGN_STYLE = Automatic;
				COMBINE_HIDPI_IMAGES = YES;
				DEVELOPMENT_TEAM = 9F7K8HV529;
				INFOPLIST_FILE = iconsTests/Info.plist;
				LD_RUNPATH_SEARCH_PATHS = (
					"$(inherited)",
					"@executable_path/../Frameworks",
					"@loader_path/../Frameworks",
				);
				PRODUCT_BUNDLE_IDENTIFIER = com.erbittuu.iconsTests;
				PRODUCT_NAME = "$(TARGET_NAME)";
				SWIFT_VERSION = 4.0;
				TEST_HOST = "$(BUILT_PRODUCTS_DIR)/icons.app/Contents/MacOS/icons";
			};
			name = Debug;
		};
		2D8ED3CB20FDB8EC0034E444 /* Release */ = {
			isa = XCBuildConfiguration;
			buildSettings = {
				ALWAYS_EMBED_SWIFT_STANDARD_LIBRARIES = YES;
				BUNDLE_LOADER = "$(TEST_HOST)";
				CODE_SIGN_STYLE = Automatic;
				COMBINE_HIDPI_IMAGES = YES;
				DEVELOPMENT_TEAM = 9F7K8HV529;
				INFOPLIST_FILE = iconsTests/Info.plist;
				LD_RUNPATH_SEARCH_PATHS = (
					"$(inherited)",
					"@executable_path/../Frameworks",
					"@loader_path/../Frameworks",
				);
				PRODUCT_BUNDLE_IDENTIFIER = com.erbittuu.iconsTests;
				PRODUCT_NAME = "$(TARGET_NAME)";
				SWIFT_VERSION = 4.0;
				TEST_HOST = "$(BUILT_PRODUCTS_DIR)/icons.app/Contents/MacOS/icons";
			};
			name = Release;
		};
/* End XCBuildConfiguration section */

/* Begin XCConfigurationList section */
		2D8ED3A620FDB8EA0034E444 /* Build configuration list for PBXProject "icons" */ = {
			isa = XCConfigurationList;
			buildConfigurations = (
				2D8ED3C420FDB8EC0034E444 /* Debug */,
				2D8ED3C520FDB8EC0034E444 /* Release */,
			);
			defaultConfigurationIsVisible = 0;
			defaultConfigurationName = Release;
		};
		2D8ED3C620FDB8EC0034E444 /* Build configuration list for PBXNativeTarget "icons" */ = {
			isa = XCConfigurationList;
			buildConfigurations = (
				2D8ED3C720FDB8EC0034E444 /* Debug */,
				2D8ED3C820FDB8EC0034E444 /* Release */,
			);
			defaultConfigurationIsVisible = 0;
			defaultConfigurationName = Release;
		};
		2D8ED3C920FDB8EC0034E444 /* Build configuration list for PBXNativeTarget "iconsTests" */ = {
			isa = XCConfigurationList;
			buildConfigurations = (
				2D8ED3CA20FDB8EC0034E444 /* Debug */,
				2D8ED3CB20FDB8EC0034E444 /* Release */,
			);
			defaultConfigurationIsVisible = 0;
			defaultConfigurationName = Release;
		};
/* End XCConfigurationList section */
	};
	rootObject = 2D8ED3A320FDB8EA0034E444 /* Project object */;
}
